Microsoft Visual Studio Solution File, Format Version 11.00
# Visual Studio 2008

Project("{91B37154-94CD-59CA-4F5C-B5BC2B2E18BF}") = "FrameDemo", "Assembly-CSharp.csproj", "{B9791437-3D5A-21A2-F65D-DA3F40C980FE}"
EndProject
Global
	GlobalSection(SolutionConfigurationPlatforms) = preSolution
		Debug|Any CPU = Debug|Any CPU
		Release|Any CPU = Release|Any CPU
	EndGlobalSection
	GlobalSection(ProjectConfigurationPlatforms) = postSolution
		{B9791437-3D5A-21A2-F65D-DA3F40C980FE}.Debug|Any CPU.ActiveCfg = Debug|Any CPU
		{B9791437-3D5A-21A2-F65D-DA3F40C980FE}.Debug|Any CPU.Build.0 = Debug|Any CPU
		{B9791437-3D5A-21A2-F65D-DA3F40C980FE}.Release|Any CPU.ActiveCfg = Release|Any CPU
		{B9791437-3D5A-21A2-F65D-DA3F40C980FE}.Release|Any CPU.Build.0 = Release|Any CPU
	EndGlobalSection
	GlobalSection(SolutionProperties) = preSolution
		HideSolutionNode = FALSE
	EndGlobalSection
	GlobalSection(MonoDevelopProperties) = preSolution
		StartupItem = Assembly-CSharp.csproj
	EndGlobalSection
EndGlobal
